
Microsoft Visual Studio Solution File, Format Version 12.00
# Visual Studio Version 16
VisualStudioVersion = 16.0.32407.337
MinimumVisualStudioVersion = 10.0.40219.1
Project("{FAE04EC0-301F-11D3-BF4B-00C04F79EFBC}") = "EmployeeApplication1", "EmployeeApplication1\EmployeeApplication1.csproj", "{2E0DC3CE-5167-4961-A682-2B7B9E293A65}"
EndProject
Global
	GlobalSection(SolutionConfigurationPlatforms) = preSolution
		Debug|Any CPU = Debug|Any CPU
		Release|Any CPU = Release|Any CPU
	EndGlobalSection
	GlobalSection(ProjectConfigurationPlatforms) = postSolution
		{2E0DC3CE-5167-4961-A682-2B7B9E293A65}.Debug|Any CPU.ActiveCfg = Debug|Any CPU
		{2E0DC3CE-5167-4961-A682-2B7B9E293A65}.Debug|Any CPU.Build.0 = Debug|Any CPU
		{2E0DC3CE-5167-4961-A682-2B7B9E293A65}.Release|Any CPU.ActiveCfg = Release|Any CPU
		{2E0DC3CE-5167-4961-A682-2B7B9E293A65}.Release|Any CPU.Build.0 = Release|Any CPU
	EndGlobalSection
	GlobalSection(SolutionProperties) = preSolution
		HideSolutionNode = FALSE
	EndGlobalSection
	GlobalSection(ExtensibilityGlobals) = postSolution
		SolutionGuid = {12AB15B3-765D-4172-AD6E-D1F99F42786C}
	EndGlobalSection
EndGlobal
